
Microsoft Visual Studio Solution File, Format Version 12.00
# Visual Studio Version 17
VisualStudioVersion = 17.5.33530.505
MinimumVisualStudioVersion = 10.0.40219.1
Project("{FAE04EC0-301F-11D3-BF4B-00C04F79EFBC}") = "UsandoRefit", "UsandoRefit\UsandoRefit.csproj", "{7087314E-E72D-4BA1-BB9E-7092F8C94787}"
EndProject
Global
	GlobalSection(SolutionConfigurationPlatforms) = preSolution
		Debug|Any CPU = Debug|Any CPU
		Release|Any CPU = Release|Any CPU
	EndGlobalSection
	GlobalSection(ProjectConfigurationPlatforms) = postSolution
		{7087314E-E72D-4BA1-BB9E-7092F8C94787}.Debug|Any CPU.ActiveCfg = Debug|Any CPU
		{7087314E-E72D-4BA1-BB9E-7092F8C94787}.Debug|Any CPU.Build.0 = Debug|Any CPU
		{7087314E-E72D-4BA1-BB9E-7092F8C94787}.Release|Any CPU.ActiveCfg = Release|Any CPU
		{7087314E-E72D-4BA1-BB9E-7092F8C94787}.Release|Any CPU.Build.0 = Release|Any CPU
	EndGlobalSection
	GlobalSection(SolutionProperties) = preSolution
		HideSolutionNode = FALSE
	EndGlobalSection
	GlobalSection(ExtensibilityGlobals) = postSolution
		SolutionGuid = {821BA9E0-5A27-4EE6-9A9E-A75D9F184EC0}
	EndGlobalSection
EndGlobal
